{
  "version": 4,
  "terraform_version": "1.5.6",
  "serial": 1,
  "lineage": "ed3030f2-cc3c-be61-44c3-c11a658c907b",
  "outputs": {},
  "resources": [
    {
      "module": "module.dashboard",
      "mode": "managed",
      "type": "newrelic_one_dashboard",
      "name": "dashboard",
      "provider": "module.dashboard.provider[\"registry.terraform.io/newrelic/newrelic\"]",
      "instances": [
        {
          "index_key": 0,
          "schema_version": 0,
          "attributes": {
            "account_id": 4422835,
            "description": null,
            "guid": "NDQyMjgzNXxWSVp8REFTSEJPQVJEfGRhOjU4MTExNDc",
            "id": "NDQyMjgzNXxWSVp8REFTSEJPQVJEfGRhOjU4MTExNDc",
            "name": "New Relic Terraform Dashboard",
            "page": [
              {
                "description": "",
                "guid": "NDQyMjgzNXxWSVp8REFTSEJPQVJEfDE2NzU5Mzcw",
                "name": "My Dashboard",
                "widget_area": [],
                "widget_bar": [],
                "widget_billboard": [
                  {
                    "colors": [],
                    "column": 1,
                    "critical": "",
                    "facet_show_other_series": false,
                    "height": 4,
                    "id": "237652702",
                    "ignore_time_range": false,
                    "legend_enabled": true,
                    "nrql_query": [
                      {
                        "account_id": 4422835,
                        "query": "FROM Transaction SELECT rate(count(*), 1 minute)"
                      }
                    ],
                    "null_values": [],
                    "row": 1,
                    "title": "widget1",
                    "units": [],
                    "warning": "",
                    "width": 4,
                    "y_axis_left_max": 0,
                    "y_axis_left_min": 0
                  },
                  {
                    "colors": [],
                    "column": 5,
                    "critical": "",
                    "facet_show_other_series": false,
                    "height": 4,
                    "id": "237652703",
                    "ignore_time_range": false,
                    "legend_enabled": true,
                    "nrql_query": [
                      {
                        "account_id": 4422835,
                        "query": "FROM Transaction SELECT rate(count(*), 1 minute)"
                      }
                    ],
                    "null_values": [],
                    "row": 1,
                    "title": "widget2",
                    "units": [],
                    "warning": "",
                    "width": 4,
                    "y_axis_left_max": 0,
                    "y_axis_left_min": 0
                  }
                ],
                "widget_bullet": [],
                "widget_funnel": [],
                "widget_heatmap": [],
                "widget_histogram": [],
                "widget_json": [],
                "widget_line": [],
                "widget_log_table": [],
                "widget_markdown": [],
                "widget_pie": [],
                "widget_stacked_bar": [],
                "widget_table": []
              }
            ],
            "permalink": "https://one.newrelic.com/redirect/entity/NDQyMjgzNXxWSVp8REFTSEJPQVJEfGRhOjU4MTExNDc",
            "permissions": "public_read_only",
            "variable": []
          },
          "sensitive_attributes": [],
          "private": "bnVsbA=="
        }
      ]
    }
  ],
  "check_results": null
}
